
Microsoft Visual Studio Solution File, Format Version 12.00
# Visual Studio Version 17
VisualStudioVersion = 17.14.36511.14
MinimumVisualStudioVersion = 10.0.40219.1
Project("{FAE04EC0-301F-11D3-BF4B-00C04F79EFBC}") = "BridgeTicket", "BridgeTicket\BridgeTicket.csproj", "{F3F6B9DF-6E2E-48AA-A60D-04A560AA9055}"
EndProject
Project("{FAE04EC0-301F-11D3-BF4B-00C04F79EFBC}") = "BridgeTicketTests", "BridgeTicketTests\BridgeTicketTests.csproj", "{1C78E90B-60EA-4780-9335-C953E247C38D}"
EndProject
Project("{FAE04EC0-301F-11D3-BF4B-00C04F79EFBC}") = "StoreBæltsBroen", "StoreBæltsBroen\StoreBæltsBroen.csproj", "{53CADF11-553B-4E68-94E9-5BCE0DE99DA4}"
EndProject
Project("{FAE04EC0-301F-11D3-BF4B-00C04F79EFBC}") = "ØresundsBroen", "ØresundsBroen\ØresundsBroen.csproj", "{C3083C94-3F26-4795-B187-1516C751ADC8}"
EndProject
Project("{FAE04EC0-301F-11D3-BF4B-00C04F79EFBC}") = "ØresundsBroenTests", "ØresundsBroenTests\ØresundsBroenTests.csproj", "{12E4A189-6C4A-49B4-8EA5-AA637FE88A40}"
EndProject
Project("{FAE04EC0-301F-11D3-BF4B-00C04F79EFBC}") = "StoreBæltsBroenTests", "StoreBæltsBroenTests\StoreBæltsBroenTests.csproj", "{DE889F89-D2FC-4FEA-ACE6-CFCC29B1062C}"
EndProject
Global
	GlobalSection(SolutionConfigurationPlatforms) = preSolution
		Debug|Any CPU = Debug|Any CPU
		Release|Any CPU = Release|Any CPU
	EndGlobalSection
	GlobalSection(ProjectConfigurationPlatforms) = postSolution
		{F3F6B9DF-6E2E-48AA-A60D-04A560AA9055}.Debug|Any CPU.ActiveCfg = Debug|Any CPU
		{F3F6B9DF-6E2E-48AA-A60D-04A560AA9055}.Debug|Any CPU.Build.0 = Debug|Any CPU
		{F3F6B9DF-6E2E-48AA-A60D-04A560AA9055}.Release|Any CPU.ActiveCfg = Release|Any CPU
		{F3F6B9DF-6E2E-48AA-A60D-04A560AA9055}.Release|Any CPU.Build.0 = Release|Any CPU
		{1C78E90B-60EA-4780-9335-C953E247C38D}.Debug|Any CPU.ActiveCfg = Debug|Any CPU
		{1C78E90B-60EA-4780-9335-C953E247C38D}.Debug|Any CPU.Build.0 = Debug|Any CPU
		{1C78E90B-60EA-4780-9335-C953E247C38D}.Release|Any CPU.ActiveCfg = Release|Any CPU
		{1C78E90B-60EA-4780-9335-C953E247C38D}.Release|Any CPU.Build.0 = Release|Any CPU
		{53CADF11-553B-4E68-94E9-5BCE0DE99DA4}.Debug|Any CPU.ActiveCfg = Debug|Any CPU
		{53CADF11-553B-4E68-94E9-5BCE0DE99DA4}.Debug|Any CPU.Build.0 = Debug|Any CPU
		{53CADF11-553B-4E68-94E9-5BCE0DE99DA4}.Release|Any CPU.ActiveCfg = Release|Any CPU
		{53CADF11-553B-4E68-94E9-5BCE0DE99DA4}.Release|Any CPU.Build.0 = Release|Any CPU
		{C3083C94-3F26-4795-B187-1516C751ADC8}.Debug|Any CPU.ActiveCfg = Debug|Any CPU
		{C3083C94-3F26-4795-B187-1516C751ADC8}.Debug|Any CPU.Build.0 = Debug|Any CPU
		{C3083C94-3F26-4795-B187-1516C751ADC8}.Release|Any CPU.ActiveCfg = Release|Any CPU
		{C3083C94-3F26-4795-B187-1516C751ADC8}.Release|Any CPU.Build.0 = Release|Any CPU
		{12E4A189-6C4A-49B4-8EA5-AA637FE88A40}.Debug|Any CPU.ActiveCfg = Debug|Any CPU
		{12E4A189-6C4A-49B4-8EA5-AA637FE88A40}.Debug|Any CPU.Build.0 = Debug|Any CPU
		{12E4A189-6C4A-49B4-8EA5-AA637FE88A40}.Release|Any CPU.ActiveCfg = Release|Any CPU
		{12E4A189-6C4A-49B4-8EA5-AA637FE88A40}.Release|Any CPU.Build.0 = Release|Any CPU
		{DE889F89-D2FC-4FEA-ACE6-CFCC29B1062C}.Debug|Any CPU.ActiveCfg = Debug|Any CPU
		{DE889F89-D2FC-4FEA-ACE6-CFCC29B1062C}.Debug|Any CPU.Build.0 = Debug|Any CPU
		{DE889F89-D2FC-4FEA-ACE6-CFCC29B1062C}.Release|Any CPU.ActiveCfg = Release|Any CPU
		{DE889F89-D2FC-4FEA-ACE6-CFCC29B1062C}.Release|Any CPU.Build.0 = Release|Any CPU
	EndGlobalSection
	GlobalSection(SolutionProperties) = preSolution
		HideSolutionNode = FALSE
	EndGlobalSection
	GlobalSection(ExtensibilityGlobals) = postSolution
		SolutionGuid = {85BDDCB0-81DE-4FDA-9840-D8B6FE66E9AA}
	EndGlobalSection
EndGlobal
